
Microsoft Visual Studio Solution File, Format Version 12.00
# Visual Studio Version 16
VisualStudioVersion = 16.0.30611.23
MinimumVisualStudioVersion = 10.0.40219.1
Project("{9A19103F-16F7-4668-BE54-9A1E7A4F7556}") = "EShopping", "EShopping\EShopping.csproj", "{FECEFEDE-0052-403C-B58E-B2AED73EDB74}"
EndProject
Project("{9A19103F-16F7-4668-BE54-9A1E7A4F7556}") = "EShoppingService", "EShoppingService\EShoppingService.csproj", "{99ECBF80-42C3-4E80-913B-21541A191575}"
EndProject
Project("{9A19103F-16F7-4668-BE54-9A1E7A4F7556}") = "EShoppingRepository", "EShoppingRepository\EShoppingRepository.csproj", "{55610589-A33B-4B93-B396-1293CAD907C7}"
EndProject
Project("{9A19103F-16F7-4668-BE54-9A1E7A4F7556}") = "EShoppingModel", "EShoppingModel\EShoppingModel.csproj", "{09B00CA3-5760-4050-A22A-3BD4D2053BFB}"
EndProject
Project("{2150E333-8FDC-42A3-9474-1A3956D46DE8}") = "Solution Items", "Solution Items", "{779C85A6-3F20-45EE-AD92-FCC120AF3060}"
	ProjectSection(SolutionItems) = preProject
		.editorconfig = .editorconfig
	EndProjectSection
EndProject
Global
	GlobalSection(SolutionConfigurationPlatforms) = preSolution
		Debug|Any CPU = Debug|Any CPU
		Release|Any CPU = Release|Any CPU
	EndGlobalSection
	GlobalSection(ProjectConfigurationPlatforms) = postSolution
		{FECEFEDE-0052-403C-B58E-B2AED73EDB74}.Debug|Any CPU.ActiveCfg = Debug|Any CPU
		{FECEFEDE-0052-403C-B58E-B2AED73EDB74}.Debug|Any CPU.Build.0 = Debug|Any CPU
		{FECEFEDE-0052-403C-B58E-B2AED73EDB74}.Release|Any CPU.ActiveCfg = Release|Any CPU
		{FECEFEDE-0052-403C-B58E-B2AED73EDB74}.Release|Any CPU.Build.0 = Release|Any CPU
		{99ECBF80-42C3-4E80-913B-21541A191575}.Debug|Any CPU.ActiveCfg = Debug|Any CPU
		{99ECBF80-42C3-4E80-913B-21541A191575}.Debug|Any CPU.Build.0 = Debug|Any CPU
		{99ECBF80-42C3-4E80-913B-21541A191575}.Release|Any CPU.ActiveCfg = Release|Any CPU
		{99ECBF80-42C3-4E80-913B-21541A191575}.Release|Any CPU.Build.0 = Release|Any CPU
		{55610589-A33B-4B93-B396-1293CAD907C7}.Debug|Any CPU.ActiveCfg = Debug|Any CPU
		{55610589-A33B-4B93-B396-1293CAD907C7}.Debug|Any CPU.Build.0 = Debug|Any CPU
		{55610589-A33B-4B93-B396-1293CAD907C7}.Release|Any CPU.ActiveCfg = Release|Any CPU
		{55610589-A33B-4B93-B396-1293CAD907C7}.Release|Any CPU.Build.0 = Release|Any CPU
		{09B00CA3-5760-4050-A22A-3BD4D2053BFB}.Debug|Any CPU.ActiveCfg = Debug|Any CPU
		{09B00CA3-5760-4050-A22A-3BD4D2053BFB}.Debug|Any CPU.Build.0 = Debug|Any CPU
		{09B00CA3-5760-4050-A22A-3BD4D2053BFB}.Release|Any CPU.ActiveCfg = Release|Any CPU
		{09B00CA3-5760-4050-A22A-3BD4D2053BFB}.Release|Any CPU.Build.0 = Release|Any CPU
	EndGlobalSection
	GlobalSection(SolutionProperties) = preSolution
		HideSolutionNode = FALSE
	EndGlobalSection
	GlobalSection(ExtensibilityGlobals) = postSolution
		SolutionGuid = {15B4D46F-2149-48B9-A0B9-CFA622904CF2}
	EndGlobalSection
EndGlobal
