
Microsoft Visual Studio Solution File, Format Version 12.00
# Visual Studio 15
VisualStudioVersion = 15.0.26124.0
MinimumVisualStudioVersion = 15.0.26124.0
Project("{FAE04EC0-301F-11D3-BF4B-00C04F79EFBC}") = "EShoppingController", "EshoppingController\EShoppingController.csproj", "{7307E587-343A-4890-850C-A90CF5D412BB}"
EndProject
Project("{FAE04EC0-301F-11D3-BF4B-00C04F79EFBC}") = "EShoppingService", "EshoppingService\EShoppingService.csproj", "{127BC6E6-B224-40CD-97BD-6F4B790DEB57}"
EndProject
Project("{FAE04EC0-301F-11D3-BF4B-00C04F79EFBC}") = "EShoppingRepository", "EshoppingRepository\EShoppingRepository.csproj", "{C756BDF2-1FF9-4318-98C1-76C9B53AF4E6}"
EndProject
Project("{FAE04EC0-301F-11D3-BF4B-00C04F79EFBC}") = "EShoppingModel", "EshoppingModel\EShoppingModel.csproj", "{ECE9B7C0-683F-4FDF-89CC-D3C49904583C}"
EndProject
Global
	GlobalSection(SolutionConfigurationPlatforms) = preSolution
		Debug|Any CPU = Debug|Any CPU
		Debug|x64 = Debug|x64
		Debug|x86 = Debug|x86
		Release|Any CPU = Release|Any CPU
		Release|x64 = Release|x64
		Release|x86 = Release|x86
	EndGlobalSection
	GlobalSection(SolutionProperties) = preSolution
		HideSolutionNode = FALSE
	EndGlobalSection
	GlobalSection(ProjectConfigurationPlatforms) = postSolution
		{7307E587-343A-4890-850C-A90CF5D412BB}.Debug|Any CPU.ActiveCfg = Debug|Any CPU
		{7307E587-343A-4890-850C-A90CF5D412BB}.Debug|Any CPU.Build.0 = Debug|Any CPU
		{7307E587-343A-4890-850C-A90CF5D412BB}.Debug|x64.ActiveCfg = Debug|Any CPU
		{7307E587-343A-4890-850C-A90CF5D412BB}.Debug|x64.Build.0 = Debug|Any CPU
		{7307E587-343A-4890-850C-A90CF5D412BB}.Debug|x86.ActiveCfg = Debug|Any CPU
		{7307E587-343A-4890-850C-A90CF5D412BB}.Debug|x86.Build.0 = Debug|Any CPU
		{7307E587-343A-4890-850C-A90CF5D412BB}.Release|Any CPU.ActiveCfg = Release|Any CPU
		{7307E587-343A-4890-850C-A90CF5D412BB}.Release|Any CPU.Build.0 = Release|Any CPU
		{7307E587-343A-4890-850C-A90CF5D412BB}.Release|x64.ActiveCfg = Release|Any CPU
		{7307E587-343A-4890-850C-A90CF5D412BB}.Release|x64.Build.0 = Release|Any CPU
		{7307E587-343A-4890-850C-A90CF5D412BB}.Release|x86.ActiveCfg = Release|Any CPU
		{7307E587-343A-4890-850C-A90CF5D412BB}.Release|x86.Build.0 = Release|Any CPU
		{127BC6E6-B224-40CD-97BD-6F4B790DEB57}.Debug|Any CPU.ActiveCfg = Debug|Any CPU
		{127BC6E6-B224-40CD-97BD-6F4B790DEB57}.Debug|Any CPU.Build.0 = Debug|Any CPU
		{127BC6E6-B224-40CD-97BD-6F4B790DEB57}.Debug|x64.ActiveCfg = Debug|Any CPU
		{127BC6E6-B224-40CD-97BD-6F4B790DEB57}.Debug|x64.Build.0 = Debug|Any CPU
		{127BC6E6-B224-40CD-97BD-6F4B790DEB57}.Debug|x86.ActiveCfg = Debug|Any CPU
		{127BC6E6-B224-40CD-97BD-6F4B790DEB57}.Debug|x86.Build.0 = Debug|Any CPU
		{127BC6E6-B224-40CD-97BD-6F4B790DEB57}.Release|Any CPU.ActiveCfg = Release|Any CPU
		{127BC6E6-B224-40CD-97BD-6F4B790DEB57}.Release|Any CPU.Build.0 = Release|Any CPU
		{127BC6E6-B224-40CD-97BD-6F4B790DEB57}.Release|x64.ActiveCfg = Release|Any CPU
		{127BC6E6-B224-40CD-97BD-6F4B790DEB57}.Release|x64.Build.0 = Release|Any CPU
		{127BC6E6-B224-40CD-97BD-6F4B790DEB57}.Release|x86.ActiveCfg = Release|Any CPU
		{127BC6E6-B224-40CD-97BD-6F4B790DEB57}.Release|x86.Build.0 = Release|Any CPU
		{C756BDF2-1FF9-4318-98C1-76C9B53AF4E6}.Debug|Any CPU.ActiveCfg = Debug|Any CPU
		{C756BDF2-1FF9-4318-98C1-76C9B53AF4E6}.Debug|Any CPU.Build.0 = Debug|Any CPU
		{C756BDF2-1FF9-4318-98C1-76C9B53AF4E6}.Debug|x64.ActiveCfg = Debug|Any CPU
		{C756BDF2-1FF9-4318-98C1-76C9B53AF4E6}.Debug|x64.Build.0 = Debug|Any CPU
		{C756BDF2-1FF9-4318-98C1-76C9B53AF4E6}.Debug|x86.ActiveCfg = Debug|Any CPU
		{C756BDF2-1FF9-4318-98C1-76C9B53AF4E6}.Debug|x86.Build.0 = Debug|Any CPU
		{C756BDF2-1FF9-4318-98C1-76C9B53AF4E6}.Release|Any CPU.ActiveCfg = Release|Any CPU
		{C756BDF2-1FF9-4318-98C1-76C9B53AF4E6}.Release|Any CPU.Build.0 = Release|Any CPU
		{C756BDF2-1FF9-4318-98C1-76C9B53AF4E6}.Release|x64.ActiveCfg = Release|Any CPU
		{C756BDF2-1FF9-4318-98C1-76C9B53AF4E6}.Release|x64.Build.0 = Release|Any CPU
		{C756BDF2-1FF9-4318-98C1-76C9B53AF4E6}.Release|x86.ActiveCfg = Release|Any CPU
		{C756BDF2-1FF9-4318-98C1-76C9B53AF4E6}.Release|x86.Build.0 = Release|Any CPU
		{ECE9B7C0-683F-4FDF-89CC-D3C49904583C}.Debug|Any CPU.ActiveCfg = Debug|Any CPU
		{ECE9B7C0-683F-4FDF-89CC-D3C49904583C}.Debug|Any CPU.Build.0 = Debug|Any CPU
		{ECE9B7C0-683F-4FDF-89CC-D3C49904583C}.Debug|x64.ActiveCfg = Debug|Any CPU
		{ECE9B7C0-683F-4FDF-89CC-D3C49904583C}.Debug|x64.Build.0 = Debug|Any CPU
		{ECE9B7C0-683F-4FDF-89CC-D3C49904583C}.Debug|x86.ActiveCfg = Debug|Any CPU
		{ECE9B7C0-683F-4FDF-89CC-D3C49904583C}.Debug|x86.Build.0 = Debug|Any CPU
		{ECE9B7C0-683F-4FDF-89CC-D3C49904583C}.Release|Any CPU.ActiveCfg = Release|Any CPU
		{ECE9B7C0-683F-4FDF-89CC-D3C49904583C}.Release|Any CPU.Build.0 = Release|Any CPU
		{ECE9B7C0-683F-4FDF-89CC-D3C49904583C}.Release|x64.ActiveCfg = Release|Any CPU
		{ECE9B7C0-683F-4FDF-89CC-D3C49904583C}.Release|x64.Build.0 = Release|Any CPU
		{ECE9B7C0-683F-4FDF-89CC-D3C49904583C}.Release|x86.ActiveCfg = Release|Any CPU
		{ECE9B7C0-683F-4FDF-89CC-D3C49904583C}.Release|x86.Build.0 = Release|Any CPU
	EndGlobalSection
EndGlobal
